// !$*UTF8*$!
{
	archiveVersion = 1;
	classes = {
	};
	objectVersion = 50;
	objects = {

/* Begin PBXBuildFile section */
		5F84C2F125D845B4009E46A0 /* AppDelegate.swift in Sources */ = {isa = PBXBuildFile; fileRef = 5F84C2F025D845B4009E46A0 /* AppDelegate.swift */; };
		5F84C2F325D845B4009E46A0 /* ViewController.swift in Sources */ = {isa = PBXBuildFile; fileRef = 5F84C2F225D845B4009E46A0 /* ViewController.swift */; };
		5F84C2F625D845B4009E46A0 /* Main.storyboard in Resources */ = {isa = PBXBuildFile; fileRef = 5F84C2F425D845B4009E46A0 /* Main.storyboard */; };
		5F84C2F925D845B4009E46A0 /* CAPSalgo.xcdatamodeld in Sources */ = {isa = PBXBuildFile; fileRef = 5F84C2F725D845B4009E46A0 /* CAPSalgo.xcdatamodeld */; };
		5F84C2FB25D845B6009E46A0 /* Assets.xcassets in Resources */ = {isa = PBXBuildFile; fileRef = 5F84C2FA25D845B6009E46A0 /* Assets.xcassets */; };
		5F84C2FE25D845B6009E46A0 /* LaunchScreen.storyboard in Resources */ = {isa = PBXBuildFile; fileRef = 5F84C2FC25D845B6009E46A0 /* LaunchScreen.storyboard */; };
		5F84C32325D84610009E46A0 /* MapKit.framework in Frameworks */ = {isa = PBXBuildFile; fileRef = 5F84C32225D84610009E46A0 /* MapKit.framework */; };
		5F84C32925D866A9009E46A0 /* CamList.swift in Sources */ = {isa = PBXBuildFile; fileRef = 5F84C32825D866A9009E46A0 /* CamList.swift */; };
		5F84C32B25D874EC009E46A0 /* LocationSearchTable.swift in Sources */ = {isa = PBXBuildFile; fileRef = 5F84C32A25D874EC009E46A0 /* LocationSearchTable.swift */; };
		5FA6914725DBA68500872018 /* CameraLocation.swift in Sources */ = {isa = PBXBuildFile; fileRef = 5FA6914625DBA68500872018 /* CameraLocation.swift */; };
		5FA6914925DBD3B100872018 /* help.swift in Sources */ = {isa = PBXBuildFile; fileRef = 5FA6914825DBD3B100872018 /* help.swift */; };
		5FF36E9525DB7B9100196175 /* camList.json in Resources */ = {isa = PBXBuildFile; fileRef = 5FF36E9425DB7B9100196175 /* camList.json */; };
/* End PBXBuildFile section */

/* Begin PBXFileReference section */
		419D7DFB8334BC3B9776025D /* Pods_CAPSalgo.framework */ = {isa = PBXFileReference; explicitFileType = wrapper.framework; includeInIndex = 0; path = Pods_CAPSalgo.framework; sourceTree = BUILT_PRODUCTS_DIR; };
		5F84C2ED25D845B4009E46A0 /* CAPSalgo.app */ = {isa = PBXFileReference; explicitFileType = wrapper.application; includeInIndex = 0; path = CAPSalgo.app; sourceTree = BUILT_PRODUCTS_DIR; };
		5F84C2F025D845B4009E46A0 /* AppDelegate.swift */ = {isa = PBXFileReference; lastKnownFileType = sourcecode.swift; path = AppDelegate.swift; sourceTree = "<group>"; };
		5F84C2F225D845B4009E46A0 /* ViewController.swift */ = {isa = PBXFileReference; lastKnownFileType = sourcecode.swift; path = ViewController.swift; sourceTree = "<group>"; };
		5F84C2F525D845B4009E46A0 /* Base */ = {isa = PBXFileReference; lastKnownFileType = file.storyboard; name = Base; path = Base.lproj/Main.storyboard; sourceTree = "<group>"; };
		5F84C2F825D845B4009E46A0 /* CAPSalgo.xcdatamodel */ = {isa = PBXFileReference; lastKnownFileType = wrapper.xcdatamodel; path = CAPSalgo.xcdatamodel; sourceTree = "<group>"; };
		5F84C2FA25D845B6009E46A0 /* Assets.xcassets */ = {isa = PBXFileReference; lastKnownFileType = folder.assetcatalog; path = Assets.xcassets; sourceTree = "<group>"; };
		5F84C2FD25D845B6009E46A0 /* Base */ = {isa = PBXFileReference; lastKnownFileType = file.storyboard; name = Base; path = Base.lproj/LaunchScreen.storyboard; sourceTree = "<group>"; };
		5F84C2FF25D845B6009E46A0 /* Info.plist */ = {isa = PBXFileReference; lastKnownFileType = text.plist.xml; path = Info.plist; sourceTree = "<group>"; };
		5F84C32225D84610009E46A0 /* MapKit.framework */ = {isa = PBXFileReference; lastKnownFileType = wrapper.framework; name = MapKit.framework; path = System/Library/Frameworks/MapKit.framework; sourceTree = SDKROOT; };
		5F84C32525D849AD009E46A0 /* en */ = {isa = PBXFileReference; lastKnownFileType = text.plist.strings; name = en; path = en.lproj/Main.strings; sourceTree = "<group>"; };
		5F84C32825D866A9009E46A0 /* CamList.swift */ = {isa = PBXFileReference; lastKnownFileType = sourcecode.swift; path = CamList.swift; sourceTree = "<group>"; };
		5F84C32A25D874EC009E46A0 /* LocationSearchTable.swift */ = {isa = PBXFileReference; lastKnownFileType = sourcecode.swift; path = LocationSearchTable.swift; sourceTree = "<group>"; };
		5FA6914625DBA68500872018 /* CameraLocation.swift */ = {isa = PBXFileReference; lastKnownFileType = sourcecode.swift; path = CameraLocation.swift; sourceTree = "<group>"; };
		5FA6914825DBD3B100872018 /* help.swift */ = {isa = PBXFileReference; lastKnownFileType = sourcecode.swift; path = help.swift; sourceTree = "<group>"; };
		5FD37BF225DB81E7000FA7FD /* Headers */ = {isa = PBXFileReference; lastKnownFileType = folder; name = Headers; path = Pods/Headers; sourceTree = "<group>"; };
		5FF36E9425DB7B9100196175 /* camList.json */ = {isa = PBXFileReference; fileEncoding = 4; lastKnownFileType = text.json; path = camList.json; sourceTree = "<group>"; };
/* End PBXFileReference section */

/* Begin PBXFrameworksBuildPhase section */
		5F84C2EA25D845B4009E46A0 /* Frameworks */ = {
			isa = PBXFrameworksBuildPhase;
			buildActionMask = 2147483647;
			files = (
				5F84C32325D84610009E46A0 /* MapKit.framework in Frameworks */,
			);
			runOnlyForDeploymentPostprocessing = 0;
		};
/* End PBXFrameworksBuildPhase section */

/* Begin PBXGroup section */
		5F84C2E425D845B4009E46A0 = {
			isa = PBXGroup;
			children = (
				5F84C2EF25D845B4009E46A0 /* CAPSalgo */,
				5F84C2EE25D845B4009E46A0 /* Products */,
				5F84C32125D84610009E46A0 /* Frameworks */,
			);
			sourceTree = "<group>";
		};
		5F84C2EE25D845B4009E46A0 /* Products */ = {
			isa = PBXGroup;
			children = (
				5F84C2ED25D845B4009E46A0 /* CAPSalgo.app */,
			);
			name = Products;
			sourceTree = "<group>";
		};
		5F84C2EF25D845B4009E46A0 /* CAPSalgo */ = {
			isa = PBXGroup;
			children = (
				5F84C2F025D845B4009E46A0 /* AppDelegate.swift */,
				5F84C2F225D845B4009E46A0 /* ViewController.swift */,
				5F84C32825D866A9009E46A0 /* CamList.swift */,
				5FA6914625DBA68500872018 /* CameraLocation.swift */,
				5F84C32A25D874EC009E46A0 /* LocationSearchTable.swift */,
				5FA6914825DBD3B100872018 /* help.swift */,
				5F84C2F425D845B4009E46A0 /* Main.storyboard */,
				5FF36E9425DB7B9100196175 /* camList.json */,
				5F84C2FA25D845B6009E46A0 /* Assets.xcassets */,
				5F84C2FC25D845B6009E46A0 /* LaunchScreen.storyboard */,
				5F84C2FF25D845B6009E46A0 /* Info.plist */,
				5F84C2F725D845B4009E46A0 /* CAPSalgo.xcdatamodeld */,
			);
			path = CAPSalgo;
			sourceTree = "<group>";
		};
		5F84C32125D84610009E46A0 /* Frameworks */ = {
			isa = PBXGroup;
			children = (
				5FD37BF225DB81E7000FA7FD /* Headers */,
				5F84C32225D84610009E46A0 /* MapKit.framework */,
				419D7DFB8334BC3B9776025D /* Pods_CAPSalgo.framework */,
			);
			name = Frameworks;
			sourceTree = "<group>";
		};
/* End PBXGroup section */

/* Begin PBXNativeTarget section */
		5F84C2EC25D845B4009E46A0 /* CAPSalgo */ = {
			isa = PBXNativeTarget;
			buildConfigurationList = 5F84C31825D845B6009E46A0 /* Build configuration list for PBXNativeTarget "CAPSalgo" */;
			buildPhases = (
				5F84C2E925D845B4009E46A0 /* Sources */,
				5F84C2EA25D845B4009E46A0 /* Frameworks */,
				5F84C2EB25D845B4009E46A0 /* Resources */,
			);
			buildRules = (
			);
			dependencies = (
			);
			name = CAPSalgo;
			productName = CAPSalgo;
			productReference = 5F84C2ED25D845B4009E46A0 /* CAPSalgo.app */;
			productType = "com.apple.product-type.application";
		};
/* End PBXNativeTarget section */

/* Begin PBXProject section */
		5F84C2E525D845B4009E46A0 /* Project object */ = {
			isa = PBXProject;
			attributes = {
				LastSwiftUpdateCheck = 0940;
				LastUpgradeCheck = 0940;
				ORGANIZATIONNAME = "Thomas Clayborne";
				TargetAttributes = {
					5F84C2EC25D845B4009E46A0 = {
						CreatedOnToolsVersion = 9.4.1;
						SystemCapabilities = {
							com.apple.Maps.iOS = {
								enabled = 1;
							};
						};
					};
				};
			};
			buildConfigurationList = 5F84C2E825D845B4009E46A0 /* Build configuration list for PBXProject "CAPSalgo" */;
			compatibilityVersion = "Xcode 9.3";
			developmentRegion = en;
			hasScannedForEncodings = 0;
			knownRegions = (
				en,
				Base,
			);
			mainGroup = 5F84C2E425D845B4009E46A0;
			productRefGroup = 5F84C2EE25D845B4009E46A0 /* Products */;
			projectDirPath = "";
			projectRoot = "";
			targets = (
				5F84C2EC25D845B4009E46A0 /* CAPSalgo */,
			);
		};
/* End PBXProject section */

/* Begin PBXResourcesBuildPhase section */
		5F84C2EB25D845B4009E46A0 /* Resources */ = {
			isa = PBXResourcesBuildPhase;
			buildActionMask = 2147483647;
			files = (
				5F84C2FE25D845B6009E46A0 /* LaunchScreen.storyboard in Resources */,
				5FF36E9525DB7B9100196175 /* camList.json in Resources */,
				5F84C2FB25D845B6009E46A0 /* Assets.xcassets in Resources */,
				5F84C2F625D845B4009E46A0 /* Main.storyboard in Resources */,
			);
			runOnlyForDeploymentPostprocessing = 0;
		};
/* End PBXResourcesBuildPhase section */

/* Begin PBXSourcesBuildPhase section */
		5F84C2E925D845B4009E46A0 /* Sources */ = {
			isa = PBXSourcesBuildPhase;
			buildActionMask = 2147483647;
			files = (
				5F84C2F925D845B4009E46A0 /* CAPSalgo.xcdatamodeld in Sources */,
				5F84C32B25D874EC009E46A0 /* LocationSearchTable.swift in Sources */,
				5F84C32925D866A9009E46A0 /* CamList.swift in Sources */,
				5F84C2F325D845B4009E46A0 /* ViewController.swift in Sources */,
				5F84C2F125D845B4009E46A0 /* AppDelegate.swift in Sources */,
				5FA6914925DBD3B100872018 /* help.swift in Sources */,
				5FA6914725DBA68500872018 /* CameraLocation.swift in Sources */,
			);
			runOnlyForDeploymentPostprocessing = 0;
		};
/* End PBXSourcesBuildPhase section */

/* Begin PBXVariantGroup section */
		5F84C2F425D845B4009E46A0 /* Main.storyboard */ = {
			isa = PBXVariantGroup;
			children = (
				5F84C2F525D845B4009E46A0 /* Base */,
				5F84C32525D849AD009E46A0 /* en */,
			);
			name = Main.storyboard;
			sourceTree = "<group>";
		};
		5F84C2FC25D845B6009E46A0 /* LaunchScreen.storyboard */ = {
			isa = PBXVariantGroup;
			children = (
				5F84C2FD25D845B6009E46A0 /* Base */,
			);
			name = LaunchScreen.storyboard;
			sourceTree = "<group>";
		};
/* End PBXVariantGroup section */

/* Begin XCBuildConfiguration section */
		5F84C31625D845B6009E46A0 /* Debug */ = {
			isa = XCBuildConfiguration;
			buildSettings = {
				ALWAYS_SEARCH_USER_PATHS = NO;
				CLANG_ANALYZER_NONNULL = YES;
				CLANG_ANALYZER_NUMBER_OBJECT_CONVERSION = YES_AGGRESSIVE;
				CLANG_CXX_LANGUAGE_STANDARD = "gnu++14";
				CLANG_CXX_LIBRARY = "libc++";
				CLANG_ENABLE_MODULES = YES;
				CLANG_ENABLE_OBJC_ARC = YES;
				CLANG_ENABLE_OBJC_WEAK = YES;
				CLANG_WARN_BLOCK_CAPTURE_AUTORELEASING = YES;
				CLANG_WARN_BOOL_CONVERSION = YES;
				CLANG_WARN_COMMA = YES;
				CLANG_WARN_CONSTANT_CONVERSION = YES;
				CLANG_WARN_DEPRECATED_OBJC_IMPLEMENTATIONS = YES;
				CLANG_WARN_DIRECT_OBJC_ISA_USAGE = YES_ERROR;
				CLANG_WARN_DOCUMENTATION_COMMENTS = YES;
				CLANG_WARN_EMPTY_BODY = YES;
				CLANG_WARN_ENUM_CONVERSION = YES;
				CLANG_WARN_INFINITE_RECURSION = YES;
				CLANG_WARN_INT_CONVERSION = YES;
				CLANG_WARN_NON_LITERAL_NULL_CONVERSION = YES;
				CLANG_WARN_OBJC_IMPLICIT_RETAIN_SELF = YES;
				CLANG_WARN_OBJC_LITERAL_CONVERSION = YES;
				CLANG_WARN_OBJC_ROOT_CLASS = YES_ERROR;
				CLANG_WARN_RANGE_LOOP_ANALYSIS = YES;
				CLANG_WARN_STRICT_PROTOTYPES = YES;
				CLANG_WARN_SUSPICIOUS_MOVE = YES;
				CLANG_WARN_UNGUARDED_AVAILABILITY = YES_AGGRESSIVE;
				CLANG_WARN_UNREACHABLE_CODE = YES;
				CLANG_WARN__DUPLICATE_METHOD_MATCH = YES;
				CODE_SIGN_IDENTITY = "iPhone Developer";
				COPY_PHASE_STRIP = NO;
				DEBUG_INFORMATION_FORMAT = dwarf;
				ENABLE_STRICT_OBJC_MSGSEND = YES;
				ENABLE_TESTABILITY = YES;
				GCC_C_LANGUAGE_STANDARD = gnu11;
				GCC_DYNAMIC_NO_PIC = NO;
				GCC_NO_COMMON_BLOCKS = YES;
				GCC_OPTIMIZATION_LEVEL = 0;
				GCC_PREPROCESSOR_DEFINITIONS = (
					"DEBUG=1",
					"$(inherited)",
				);
				GCC_WARN_64_TO_32_BIT_CONVERSION = YES;
				GCC_WARN_ABOUT_RETURN_TYPE = YES_ERROR;
				GCC_WARN_UNDECLARED_SELECTOR = YES;
				GCC_WARN_UNINITIALIZED_AUTOS = YES_AGGRESSIVE;
				GCC_WARN_UNUSED_FUNCTION = YES;
				GCC_WARN_UNUSED_VARIABLE = YES;
				IPHONEOS_DEPLOYMENT_TARGET = 11.4;
				MTL_ENABLE_DEBUG_INFO = YES;
				ONLY_ACTIVE_ARCH = YES;
				SDKROOT = iphoneos;
				SWIFT_ACTIVE_COMPILATION_CONDITIONS = DEBUG;
				SWIFT_OPTIMIZATION_LEVEL = "-Onone";
			};
			name = Debug;
		};
		5F84C31725D845B6009E46A0 /* Release */ = {
			isa = XCBuildConfiguration;
			buildSettings = {
				ALWAYS_SEARCH_USER_PATHS = NO;
				CLANG_ANALYZER_NONNULL = YES;
				CLANG_ANALYZER_NUMBER_OBJECT_CONVERSION = YES_AGGRESSIVE;
				CLANG_CXX_LANGUAGE_STANDARD = "gnu++14";
				CLANG_CXX_LIBRARY = "libc++";
				CLANG_ENABLE_MODULES = YES;
				CLANG_ENABLE_OBJC_ARC = YES;
				CLANG_ENABLE_OBJC_WEAK = YES;
				CLANG_WARN_BLOCK_CAPTURE_AUTORELEASING = YES;
				CLANG_WARN_BOOL_CONVERSION = YES;
				CLANG_WARN_COMMA = YES;
				CLANG_WARN_CONSTANT_CONVERSION = YES;
				CLANG_WARN_DEPRECATED_OBJC_IMPLEMENTATIONS = YES;
				CLANG_WARN_DIRECT_OBJC_ISA_USAGE = YES_ERROR;
				CLANG_WARN_DOCUMENTATION_COMMENTS = YES;
				CLANG_WARN_EMPTY_BODY = YES;
				CLANG_WARN_ENUM_CONVERSION = YES;
				CLANG_WARN_INFINITE_RECURSION = YES;
				CLANG_WARN_INT_CONVERSION = YES;
				CLANG_WARN_NON_LITERAL_NULL_CONVERSION = YES;
				CLANG_WARN_OBJC_IMPLICIT_RETAIN_SELF = YES;
				CLANG_WARN_OBJC_LITERAL_CONVERSION = YES;
				CLANG_WARN_OBJC_ROOT_CLASS = YES_ERROR;
				CLANG_WARN_RANGE_LOOP_ANALYSIS = YES;
				CLANG_WARN_STRICT_PROTOTYPES = YES;
				CLANG_WARN_SUSPICIOUS_MOVE = YES;
				CLANG_WARN_UNGUARDED_AVAILABILITY = YES_AGGRESSIVE;
				CLANG_WARN_UNREACHABLE_CODE = YES;
				CLANG_WARN__DUPLICATE_METHOD_MATCH = YES;
				CODE_SIGN_IDENTITY = "iPhone Developer";
				COPY_PHASE_STRIP = NO;
				DEBUG_INFORMATION_FORMAT = "dwarf-with-dsym";
				ENABLE_NS_ASSERTIONS = NO;
				ENABLE_STRICT_OBJC_MSGSEND = YES;
				GCC_C_LANGUAGE_STANDARD = gnu11;
				GCC_NO_COMMON_BLOCKS = YES;
				GCC_WARN_64_TO_32_BIT_CONVERSION = YES;
				GCC_WARN_ABOUT_RETURN_TYPE = YES_ERROR;
				GCC_WARN_UNDECLARED_SELECTOR = YES;
				GCC_WARN_UNINITIALIZED_AUTOS = YES_AGGRESSIVE;
				GCC_WARN_UNUSED_FUNCTION = YES;
				GCC_WARN_UNUSED_VARIABLE = YES;
				IPHONEOS_DEPLOYMENT_TARGET = 11.4;
				MTL_ENABLE_DEBUG_INFO = NO;
				SDKROOT = iphoneos;
				SWIFT_COMPILATION_MODE = wholemodule;
				SWIFT_OPTIMIZATION_LEVEL = "-O";
				VALIDATE_PRODUCT = YES;
			};
			name = Release;
		};
		5F84C31925D845B6009E46A0 /* Debug */ = {
			isa = XCBuildConfiguration;
			buildSettings = {
				ASSETCATALOG_COMPILER_APPICON_NAME = AppIcon;
				CODE_SIGN_STYLE = Automatic;
				DEVELOPMENT_TEAM = GYUKCUXPGG;
				INFOPLIST_FILE = CAPSalgo/Info.plist;
				IPHONEOS_DEPLOYMENT_TARGET = 11.4;
				LD_RUNPATH_SEARCH_PATHS = (
					"$(inherited)",
					"@executable_path/Frameworks",
				);
				PRODUCT_BUNDLE_IDENTIFIER = tomsclayborne.CAPSalgo;
				PRODUCT_NAME = "$(TARGET_NAME)";
				SWIFT_VERSION = 4.0;
				TARGETED_DEVICE_FAMILY = "1,2";
			};
			name = Debug;
		};
		5F84C31A25D845B6009E46A0 /* Release */ = {
			isa = XCBuildConfiguration;
			buildSettings = {
				ASSETCATALOG_COMPILER_APPICON_NAME = AppIcon;
				CODE_SIGN_STYLE = Automatic;
				DEVELOPMENT_TEAM = GYUKCUXPGG;
				INFOPLIST_FILE = CAPSalgo/Info.plist;
				IPHONEOS_DEPLOYMENT_TARGET = 11.4;
				LD_RUNPATH_SEARCH_PATHS = (
					"$(inherited)",
					"@executable_path/Frameworks",
				);
				PRODUCT_BUNDLE_IDENTIFIER = tomsclayborne.CAPSalgo;
				PRODUCT_NAME = "$(TARGET_NAME)";
				SWIFT_VERSION = 4.0;
				TARGETED_DEVICE_FAMILY = "1,2";
			};
			name = Release;
		};
/* End XCBuildConfiguration section */

/* Begin XCConfigurationList section */
		5F84C2E825D845B4009E46A0 /* Build configuration list for PBXProject "CAPSalgo" */ = {
			isa = XCConfigurationList;
			buildConfigurations = (
				5F84C31625D845B6009E46A0 /* Debug */,
				5F84C31725D845B6009E46A0 /* Release */,
			);
			defaultConfigurationIsVisible = 0;
			defaultConfigurationName = Release;
		};
		5F84C31825D845B6009E46A0 /* Build configuration list for PBXNativeTarget "CAPSalgo" */ = {
			isa = XCConfigurationList;
			buildConfigurations = (
				5F84C31925D845B6009E46A0 /* Debug */,
				5F84C31A25D845B6009E46A0 /* Release */,
			);
			defaultConfigurationIsVisible = 0;
			defaultConfigurationName = Release;
		};
/* End XCConfigurationList section */

/* Begin XCVersionGroup section */
		5F84C2F725D845B4009E46A0 /* CAPSalgo.xcdatamodeld */ = {
			isa = XCVersionGroup;
			children = (
				5F84C2F825D845B4009E46A0 /* CAPSalgo.xcdatamodel */,
			);
			currentVersion = 5F84C2F825D845B4009E46A0 /* CAPSalgo.xcdatamodel */;
			path = CAPSalgo.xcdatamodeld;
			sourceTree = "<group>";
			versionGroupType = wrapper.xcdatamodel;
		};
/* End XCVersionGroup section */
	};
	rootObject = 5F84C2E525D845B4009E46A0 /* Project object */;
}
